{
  "pins" : [
    {
      "identity" : "webrtc-xcframework",
      "kind" : "remoteSourceControl",
      "location" : "https://github.com/livekit/webrtc-xcframework",
      "state" : {
        "revision" : "46f2af86f06b9a8a9158d37cadda5cb5a214e4c4",
        "version" : "144.7559.11"
      }
    }
  ],
  "version" : 3
}
